
Microsoft Visual Studio Solution File, Format Version 12.00
# Visual Studio 2013
VisualStudioVersion = 12.0.21005.1
MinimumVisualStudioVersion = 10.0.40219.1
Project("{FAE04EC0-301F-11D3-BF4B-00C04F79EFBC}") = "CodeStrikeBotUI", "CodeStrikeBotUI\CodeStrikeBotUI.csproj", "{20D4931D-C643-4F21-BF5B-5448E33B1176}"
	ProjectSection(ProjectDependencies) = postProject
		{8938F60C-8EAB-4E35-AFB1-2EC53329EF9D} = {8938F60C-8EAB-4E35-AFB1-2EC53329EF9D}
	EndProjectSection
EndProject
Project("{FAE04EC0-301F-11D3-BF4B-00C04F79EFBC}") = "CodeStrikeBot", "CodeStrikeBot\CodeStrikeBot.csproj", "{8938F60C-8EAB-4E35-AFB1-2EC53329EF9D}"
EndProject
Project("{FAE04EC0-301F-11D3-BF4B-00C04F79EFBC}") = "CodeStrikeBotDebugTool", "CodeStrikeBotDebugTool\CodeStrikeBotDebugTool.csproj", "{98C486CF-5580-44A5-92E3-87565A363E0E}"
EndProject
Global
	GlobalSection(SolutionConfigurationPlatforms) = preSolution
		Debug|Any CPU = Debug|Any CPU
		Debug|Mixed Platforms = Debug|Mixed Platforms
		Debug|x64 = Debug|x64
		Debug|x86 = Debug|x86
		Release|Any CPU = Release|Any CPU
		Release|Mixed Platforms = Release|Mixed Platforms
		Release|x64 = Release|x64
		Release|x86 = Release|x86
	EndGlobalSection
	GlobalSection(ProjectConfigurationPlatforms) = postSolution
		{20D4931D-C643-4F21-BF5B-5448E33B1176}.Debug|Any CPU.ActiveCfg = Debug|x64
		{20D4931D-C643-4F21-BF5B-5448E33B1176}.Debug|Mixed Platforms.ActiveCfg = Debug|x64
		{20D4931D-C643-4F21-BF5B-5448E33B1176}.Debug|Mixed Platforms.Build.0 = Debug|x64
		{20D4931D-C643-4F21-BF5B-5448E33B1176}.Debug|x64.ActiveCfg = Debug|x64
		{20D4931D-C643-4F21-BF5B-5448E33B1176}.Debug|x64.Build.0 = Debug|x64
		{20D4931D-C643-4F21-BF5B-5448E33B1176}.Debug|x86.ActiveCfg = Debug|x86
		{20D4931D-C643-4F21-BF5B-5448E33B1176}.Debug|x86.Build.0 = Debug|x86
		{20D4931D-C643-4F21-BF5B-5448E33B1176}.Release|Any CPU.ActiveCfg = Release|x64
		{20D4931D-C643-4F21-BF5B-5448E33B1176}.Release|Mixed Platforms.ActiveCfg = Release|x64
		{20D4931D-C643-4F21-BF5B-5448E33B1176}.Release|Mixed Platforms.Build.0 = Release|x64
		{20D4931D-C643-4F21-BF5B-5448E33B1176}.Release|x64.ActiveCfg = Release|x64
		{20D4931D-C643-4F21-BF5B-5448E33B1176}.Release|x64.Build.0 = Release|x64
		{20D4931D-C643-4F21-BF5B-5448E33B1176}.Release|x86.ActiveCfg = Release|x86
		{20D4931D-C643-4F21-BF5B-5448E33B1176}.Release|x86.Build.0 = Release|x86
		{8938F60C-8EAB-4E35-AFB1-2EC53329EF9D}.Debug|Any CPU.ActiveCfg = Debug|Any CPU
		{8938F60C-8EAB-4E35-AFB1-2EC53329EF9D}.Debug|Any CPU.Build.0 = Debug|Any CPU
		{8938F60C-8EAB-4E35-AFB1-2EC53329EF9D}.Debug|Mixed Platforms.ActiveCfg = Debug|Any CPU
		{8938F60C-8EAB-4E35-AFB1-2EC53329EF9D}.Debug|Mixed Platforms.Build.0 = Debug|Any CPU
		{8938F60C-8EAB-4E35-AFB1-2EC53329EF9D}.Debug|x64.ActiveCfg = Debug|Any CPU
		{8938F60C-8EAB-4E35-AFB1-2EC53329EF9D}.Debug|x86.ActiveCfg = Debug|Any CPU
		{8938F60C-8EAB-4E35-AFB1-2EC53329EF9D}.Release|Any CPU.ActiveCfg = Release|Any CPU
		{8938F60C-8EAB-4E35-AFB1-2EC53329EF9D}.Release|Any CPU.Build.0 = Release|Any CPU
		{8938F60C-8EAB-4E35-AFB1-2EC53329EF9D}.Release|Mixed Platforms.ActiveCfg = Release|Any CPU
		{8938F60C-8EAB-4E35-AFB1-2EC53329EF9D}.Release|Mixed Platforms.Build.0 = Release|Any CPU
		{8938F60C-8EAB-4E35-AFB1-2EC53329EF9D}.Release|x64.ActiveCfg = Release|Any CPU
		{8938F60C-8EAB-4E35-AFB1-2EC53329EF9D}.Release|x86.ActiveCfg = Release|Any CPU
		{98C486CF-5580-44A5-92E3-87565A363E0E}.Debug|Any CPU.ActiveCfg = Debug|Any CPU
		{98C486CF-5580-44A5-92E3-87565A363E0E}.Debug|Any CPU.Build.0 = Debug|Any CPU
		{98C486CF-5580-44A5-92E3-87565A363E0E}.Debug|Mixed Platforms.ActiveCfg = Debug|Any CPU
		{98C486CF-5580-44A5-92E3-87565A363E0E}.Debug|Mixed Platforms.Build.0 = Debug|Any CPU
		{98C486CF-5580-44A5-92E3-87565A363E0E}.Debug|x64.ActiveCfg = Debug|Any CPU
		{98C486CF-5580-44A5-92E3-87565A363E0E}.Debug|x86.ActiveCfg = Debug|Any CPU
		{98C486CF-5580-44A5-92E3-87565A363E0E}.Release|Any CPU.ActiveCfg = Release|Any CPU
		{98C486CF-5580-44A5-92E3-87565A363E0E}.Release|Any CPU.Build.0 = Release|Any CPU
		{98C486CF-5580-44A5-92E3-87565A363E0E}.Release|Mixed Platforms.ActiveCfg = Release|Any CPU
		{98C486CF-5580-44A5-92E3-87565A363E0E}.Release|Mixed Platforms.Build.0 = Release|Any CPU
		{98C486CF-5580-44A5-92E3-87565A363E0E}.Release|x64.ActiveCfg = Release|Any CPU
		{98C486CF-5580-44A5-92E3-87565A363E0E}.Release|x86.ActiveCfg = Release|Any CPU
	EndGlobalSection
	GlobalSection(SolutionProperties) = preSolution
		HideSolutionNode = FALSE
	EndGlobalSection
EndGlobal
